
Microsoft Visual Studio Solution File, Format Version 12.00
# Visual Studio Version 17
VisualStudioVersion = 17.5.002.0
MinimumVisualStudioVersion = 10.0.40219.1
Project("{9A19103F-16F7-4668-BE54-9A1E7A4F7556}") = "mentorp", "mentorp.csproj", "{606CDC81-7A5C-44BB-951A-C6B11FA3951F}"
EndProject
Global
	GlobalSection(SolutionConfigurationPlatforms) = preSolution
		Debug|Any CPU = Debug|Any CPU
		Release|Any CPU = Release|Any CPU
	EndGlobalSection
	GlobalSection(ProjectConfigurationPlatforms) = postSolution
		{606CDC81-7A5C-44BB-951A-C6B11FA3951F}.Debug|Any CPU.ActiveCfg = Debug|Any CPU
		{606CDC81-7A5C-44BB-951A-C6B11FA3951F}.Debug|Any CPU.Build.0 = Debug|Any CPU
		{606CDC81-7A5C-44BB-951A-C6B11FA3951F}.Release|Any CPU.ActiveCfg = Release|Any CPU
		{606CDC81-7A5C-44BB-951A-C6B11FA3951F}.Release|Any CPU.Build.0 = Release|Any CPU
	EndGlobalSection
	GlobalSection(SolutionProperties) = preSolution
		HideSolutionNode = FALSE
	EndGlobalSection
	GlobalSection(ExtensibilityGlobals) = postSolution
		SolutionGuid = {EEEF6C3D-31CE-4292-A822-56FE6D17CE0D}
	EndGlobalSection
EndGlobal
